{
  "name": "boss-helper",
  "lockfileVersion": 3,
  "requires": true,
  "packages": {
    "": {
      "dependencies": {
        "tracelink": "file:../../debug_project/Trace_Link"
      }
    },
    "../../debug_project/Trace_Link": {
      "name": "tracelink",
      "version": "0.6.0",
      "license": "MIT",
      "bin": {
        "tracelink": "bin/tracelink.mjs"
      },
      "devDependencies": {
        "@types/node": "^20.10.0",
        "rimraf": "^5.0.5",
        "tsup": "^8.0.0",
        "typescript": "^5.4.0",
        "vite": "^5.0.0",
        "vitest": "^1.2.0"
      },
      "engines": {
        "node": ">=18.0.0"
      },
      "peerDependencies": {
        "vite": ">=4.0.0"
      },
      "peerDependenciesMeta": {
        "vite": {
          "optional": true
        }
      }
    },
    "node_modules/tracelink": {
      "resolved": "../../debug_project/Trace_Link",
      "link": true
    }
  }
}
