{
  "name": "boss-helper",
  "lockfileVersion": 3,
  "requires": true,
  "packages": {
    "": {
      "dependencies": {
        "tracelink": "file:webui/.local-packages/tracelink-dev.tgz"
      }
    },
    "node_modules/tracelink": {
      "version": "0.6.1",
      "resolved": "file:webui/.local-packages/tracelink-dev.tgz",
      "integrity": "sha512-CGxyKDaRiP6T0hq1H+QTu+mdF06zrxAdOYdm5FL5SrohO71fLjVatcVWpXYYA50tVo7j9OQf8Du5Dz8sSTOICg==",
      "license": "MIT",
      "bin": {
        "tracelink": "bin/tracelink.mjs"
      },
      "engines": {
        "node": ">=18.0.0"
      },
      "peerDependencies": {
        "vite": ">=4.0.0"
      },
      "peerDependenciesMeta": {
        "vite": {
          "optional": true
        }
      }
    }
  }
}
